
Microsoft Visual Studio Solution File, Format Version 12.00
# Visual Studio Version 17
VisualStudioVersion = 17.0.31903.59
MinimumVisualStudioVersion = 10.0.40219.1
Project("{2150E333-8FDC-42A3-9474-1A3956D46DE8}") = "src", "src", "{827E0CD3-B72D-47B6-A68D-7590B98EB39B}"
EndProject
Project("{2150E333-8FDC-42A3-9474-1A3956D46DE8}") = "tests", "tests", "{0AB3BF05-4346-4AA6-1389-037BE0695223}"
EndProject
Project("{2150E333-8FDC-42A3-9474-1A3956D46DE8}") = "Core", "Core", "{8D626EA8-CB54-BC41-363A-217881BEBA6E}"
EndProject
Project("{2150E333-8FDC-42A3-9474-1A3956D46DE8}") = "API", "API", "{81034408-37C8-1011-444E-4C15C2FADA8E}"
EndProject
Project("{FAE04EC0-301F-11D3-BF4B-00C04F79EFBC}") = "HR.LeaveManagement.Domain", "src\Core\HR.LeaveManagement.Domain\HR.LeaveManagement.Domain.csproj", "{1F5E1BE2-811E-497C-AD1C-254A75B9A7E9}"
EndProject
Project("{FAE04EC0-301F-11D3-BF4B-00C04F79EFBC}") = "HR.LeaveManagement.Application", "src\Core\HR.LeaveManagement.Application\HR.LeaveManagement.Application.csproj", "{29C4BF52-2233-4310-A5BB-D6866508722C}"
EndProject
Global
	GlobalSection(SolutionConfigurationPlatforms) = preSolution
		Debug|Any CPU = Debug|Any CPU
		Debug|x64 = Debug|x64
		Debug|x86 = Debug|x86
		Release|Any CPU = Release|Any CPU
		Release|x64 = Release|x64
		Release|x86 = Release|x86
	EndGlobalSection
	GlobalSection(ProjectConfigurationPlatforms) = postSolution
		{1F5E1BE2-811E-497C-AD1C-254A75B9A7E9}.Debug|Any CPU.ActiveCfg = Debug|Any CPU
		{1F5E1BE2-811E-497C-AD1C-254A75B9A7E9}.Debug|Any CPU.Build.0 = Debug|Any CPU
		{1F5E1BE2-811E-497C-AD1C-254A75B9A7E9}.Debug|x64.ActiveCfg = Debug|Any CPU
		{1F5E1BE2-811E-497C-AD1C-254A75B9A7E9}.Debug|x64.Build.0 = Debug|Any CPU
		{1F5E1BE2-811E-497C-AD1C-254A75B9A7E9}.Debug|x86.ActiveCfg = Debug|Any CPU
		{1F5E1BE2-811E-497C-AD1C-254A75B9A7E9}.Debug|x86.Build.0 = Debug|Any CPU
		{1F5E1BE2-811E-497C-AD1C-254A75B9A7E9}.Release|Any CPU.ActiveCfg = Release|Any CPU
		{1F5E1BE2-811E-497C-AD1C-254A75B9A7E9}.Release|Any CPU.Build.0 = Release|Any CPU
		{1F5E1BE2-811E-497C-AD1C-254A75B9A7E9}.Release|x64.ActiveCfg = Release|Any CPU
		{1F5E1BE2-811E-497C-AD1C-254A75B9A7E9}.Release|x64.Build.0 = Release|Any CPU
		{1F5E1BE2-811E-497C-AD1C-254A75B9A7E9}.Release|x86.ActiveCfg = Release|Any CPU
		{1F5E1BE2-811E-497C-AD1C-254A75B9A7E9}.Release|x86.Build.0 = Release|Any CPU
		{29C4BF52-2233-4310-A5BB-D6866508722C}.Debug|Any CPU.ActiveCfg = Debug|Any CPU
		{29C4BF52-2233-4310-A5BB-D6866508722C}.Debug|Any CPU.Build.0 = Debug|Any CPU
		{29C4BF52-2233-4310-A5BB-D6866508722C}.Debug|x64.ActiveCfg = Debug|Any CPU
		{29C4BF52-2233-4310-A5BB-D6866508722C}.Debug|x64.Build.0 = Debug|Any CPU
		{29C4BF52-2233-4310-A5BB-D6866508722C}.Debug|x86.ActiveCfg = Debug|Any CPU
		{29C4BF52-2233-4310-A5BB-D6866508722C}.Debug|x86.Build.0 = Debug|Any CPU
		{29C4BF52-2233-4310-A5BB-D6866508722C}.Release|Any CPU.ActiveCfg = Release|Any CPU
		{29C4BF52-2233-4310-A5BB-D6866508722C}.Release|Any CPU.Build.0 = Release|Any CPU
		{29C4BF52-2233-4310-A5BB-D6866508722C}.Release|x64.ActiveCfg = Release|Any CPU
		{29C4BF52-2233-4310-A5BB-D6866508722C}.Release|x64.Build.0 = Release|Any CPU
		{29C4BF52-2233-4310-A5BB-D6866508722C}.Release|x86.ActiveCfg = Release|Any CPU
		{29C4BF52-2233-4310-A5BB-D6866508722C}.Release|x86.Build.0 = Release|Any CPU
	EndGlobalSection
	GlobalSection(SolutionProperties) = preSolution
		HideSolutionNode = FALSE
	EndGlobalSection
	GlobalSection(NestedProjects) = preSolution
		{8D626EA8-CB54-BC41-363A-217881BEBA6E} = {827E0CD3-B72D-47B6-A68D-7590B98EB39B}
		{81034408-37C8-1011-444E-4C15C2FADA8E} = {827E0CD3-B72D-47B6-A68D-7590B98EB39B}
		{1F5E1BE2-811E-497C-AD1C-254A75B9A7E9} = {8D626EA8-CB54-BC41-363A-217881BEBA6E}
		{29C4BF52-2233-4310-A5BB-D6866508722C} = {8D626EA8-CB54-BC41-363A-217881BEBA6E}
	EndGlobalSection
EndGlobal
