
Microsoft Visual Studio Solution File, Format Version 12.00
# Visual Studio Version 17
VisualStudioVersion = 17.0.31903.59
MinimumVisualStudioVersion = 10.0.40219.1
Project("{2150E333-8FDC-42A3-9474-1A3956D46DE8}") = "src", "src", "{827E0CD3-B72D-47B6-A68D-7590B98EB39B}"
EndProject
Project("{2150E333-8FDC-42A3-9474-1A3956D46DE8}") = "tests", "tests", "{0AB3BF05-4346-4AA6-1389-037BE0695223}"
EndProject
Project("{2150E333-8FDC-42A3-9474-1A3956D46DE8}") = "Core", "Core", "{8D626EA8-CB54-BC41-363A-217881BEBA6E}"
EndProject
Project("{2150E333-8FDC-42A3-9474-1A3956D46DE8}") = "API", "API", "{81034408-37C8-1011-444E-4C15C2FADA8E}"
EndProject
Project("{FAE04EC0-301F-11D3-BF4B-00C04F79EFBC}") = "HR.LeaveManagement.Domain", "src\Core\HR.LeaveManagement.Domain\HR.LeaveManagement.Domain.csproj", "{1F5E1BE2-811E-497C-AD1C-254A75B9A7E9}"
EndProject
Project("{FAE04EC0-301F-11D3-BF4B-00C04F79EFBC}") = "HR.LeaveManagement.Application", "src\Core\HR.LeaveManagement.Application\HR.LeaveManagement.Application.csproj", "{29C4BF52-2233-4310-A5BB-D6866508722C}"
EndProject
Project("{2150E333-8FDC-42A3-9474-1A3956D46DE8}") = "Infrastructure", "Infrastructure", "{5FC089E9-07AE-4890-84CF-708851457ABE}"
EndProject
Project("{FAE04EC0-301F-11D3-BF4B-00C04F79EFBC}") = "HR.LeaveManagement.Infrastructure", "src\Infrastructure\HR.LeaveManagement.Infrastructure\HR.LeaveManagement.Infrastructure.csproj", "{725A4979-769E-4DEA-B2AE-A6A46494A0F7}"
EndProject
Project("{FAE04EC0-301F-11D3-BF4B-00C04F79EFBC}") = "HR.LeaveManagement.Persistence", "src\Infrastructure\HR.LeaveManagement.Persistence\HR.LeaveManagement.Persistence.csproj", "{0C89E582-BBEF-4E2B-8E11-0CF60D6BF7E8}"
EndProject
Project("{FAE04EC0-301F-11D3-BF4B-00C04F79EFBC}") = "HR.LeaveManagement.API", "src\API\HR.LeaveManagement.API\HR.LeaveManagement.API.csproj", "{A6A063A6-79FC-44B8-8E91-234B25333F1C}"
EndProject
Project("{2150E333-8FDC-42A3-9474-1A3956D46DE8}") = "UI", "UI", "{BBB7B94B-6E11-D9F1-7BA6-9ECA82DB22BF}"
EndProject
Project("{FAE04EC0-301F-11D3-BF4B-00C04F79EFBC}") = "HR.LeaveManagement.MVC", "src\UI\HR.LeaveManagement.MVC\HR.LeaveManagement.MVC.csproj", "{132A40B5-8AFA-4B2F-97A6-63DB5E187149}"
EndProject
Global
	GlobalSection(SolutionConfigurationPlatforms) = preSolution
		Debug|Any CPU = Debug|Any CPU
		Debug|x64 = Debug|x64
		Debug|x86 = Debug|x86
		Release|Any CPU = Release|Any CPU
		Release|x64 = Release|x64
		Release|x86 = Release|x86
	EndGlobalSection
	GlobalSection(ProjectConfigurationPlatforms) = postSolution
		{1F5E1BE2-811E-497C-AD1C-254A75B9A7E9}.Debug|Any CPU.ActiveCfg = Debug|Any CPU
		{1F5E1BE2-811E-497C-AD1C-254A75B9A7E9}.Debug|Any CPU.Build.0 = Debug|Any CPU
		{1F5E1BE2-811E-497C-AD1C-254A75B9A7E9}.Debug|x64.ActiveCfg = Debug|Any CPU
		{1F5E1BE2-811E-497C-AD1C-254A75B9A7E9}.Debug|x64.Build.0 = Debug|Any CPU
		{1F5E1BE2-811E-497C-AD1C-254A75B9A7E9}.Debug|x86.ActiveCfg = Debug|Any CPU
		{1F5E1BE2-811E-497C-AD1C-254A75B9A7E9}.Debug|x86.Build.0 = Debug|Any CPU
		{1F5E1BE2-811E-497C-AD1C-254A75B9A7E9}.Release|Any CPU.ActiveCfg = Release|Any CPU
		{1F5E1BE2-811E-497C-AD1C-254A75B9A7E9}.Release|Any CPU.Build.0 = Release|Any CPU
		{1F5E1BE2-811E-497C-AD1C-254A75B9A7E9}.Release|x64.ActiveCfg = Release|Any CPU
		{1F5E1BE2-811E-497C-AD1C-254A75B9A7E9}.Release|x64.Build.0 = Release|Any CPU
		{1F5E1BE2-811E-497C-AD1C-254A75B9A7E9}.Release|x86.ActiveCfg = Release|Any CPU
		{1F5E1BE2-811E-497C-AD1C-254A75B9A7E9}.Release|x86.Build.0 = Release|Any CPU
		{29C4BF52-2233-4310-A5BB-D6866508722C}.Debug|Any CPU.ActiveCfg = Debug|Any CPU
		{29C4BF52-2233-4310-A5BB-D6866508722C}.Debug|Any CPU.Build.0 = Debug|Any CPU
		{29C4BF52-2233-4310-A5BB-D6866508722C}.Debug|x64.ActiveCfg = Debug|Any CPU
		{29C4BF52-2233-4310-A5BB-D6866508722C}.Debug|x64.Build.0 = Debug|Any CPU
		{29C4BF52-2233-4310-A5BB-D6866508722C}.Debug|x86.ActiveCfg = Debug|Any CPU
		{29C4BF52-2233-4310-A5BB-D6866508722C}.Debug|x86.Build.0 = Debug|Any CPU
		{29C4BF52-2233-4310-A5BB-D6866508722C}.Release|Any CPU.ActiveCfg = Release|Any CPU
		{29C4BF52-2233-4310-A5BB-D6866508722C}.Release|Any CPU.Build.0 = Release|Any CPU
		{29C4BF52-2233-4310-A5BB-D6866508722C}.Release|x64.ActiveCfg = Release|Any CPU
		{29C4BF52-2233-4310-A5BB-D6866508722C}.Release|x64.Build.0 = Release|Any CPU
		{29C4BF52-2233-4310-A5BB-D6866508722C}.Release|x86.ActiveCfg = Release|Any CPU
		{29C4BF52-2233-4310-A5BB-D6866508722C}.Release|x86.Build.0 = Release|Any CPU
		{725A4979-769E-4DEA-B2AE-A6A46494A0F7}.Debug|Any CPU.ActiveCfg = Debug|Any CPU
		{725A4979-769E-4DEA-B2AE-A6A46494A0F7}.Debug|Any CPU.Build.0 = Debug|Any CPU
		{725A4979-769E-4DEA-B2AE-A6A46494A0F7}.Debug|x64.ActiveCfg = Debug|Any CPU
		{725A4979-769E-4DEA-B2AE-A6A46494A0F7}.Debug|x64.Build.0 = Debug|Any CPU
		{725A4979-769E-4DEA-B2AE-A6A46494A0F7}.Debug|x86.ActiveCfg = Debug|Any CPU
		{725A4979-769E-4DEA-B2AE-A6A46494A0F7}.Debug|x86.Build.0 = Debug|Any CPU
		{725A4979-769E-4DEA-B2AE-A6A46494A0F7}.Release|Any CPU.ActiveCfg = Release|Any CPU
		{725A4979-769E-4DEA-B2AE-A6A46494A0F7}.Release|Any CPU.Build.0 = Release|Any CPU
		{725A4979-769E-4DEA-B2AE-A6A46494A0F7}.Release|x64.ActiveCfg = Release|Any CPU
		{725A4979-769E-4DEA-B2AE-A6A46494A0F7}.Release|x64.Build.0 = Release|Any CPU
		{725A4979-769E-4DEA-B2AE-A6A46494A0F7}.Release|x86.ActiveCfg = Release|Any CPU
		{725A4979-769E-4DEA-B2AE-A6A46494A0F7}.Release|x86.Build.0 = Release|Any CPU
		{0C89E582-BBEF-4E2B-8E11-0CF60D6BF7E8}.Debug|Any CPU.ActiveCfg = Debug|Any CPU
		{0C89E582-BBEF-4E2B-8E11-0CF60D6BF7E8}.Debug|Any CPU.Build.0 = Debug|Any CPU
		{0C89E582-BBEF-4E2B-8E11-0CF60D6BF7E8}.Debug|x64.ActiveCfg = Debug|Any CPU
		{0C89E582-BBEF-4E2B-8E11-0CF60D6BF7E8}.Debug|x64.Build.0 = Debug|Any CPU
		{0C89E582-BBEF-4E2B-8E11-0CF60D6BF7E8}.Debug|x86.ActiveCfg = Debug|Any CPU
		{0C89E582-BBEF-4E2B-8E11-0CF60D6BF7E8}.Debug|x86.Build.0 = Debug|Any CPU
		{0C89E582-BBEF-4E2B-8E11-0CF60D6BF7E8}.Release|Any CPU.ActiveCfg = Release|Any CPU
		{0C89E582-BBEF-4E2B-8E11-0CF60D6BF7E8}.Release|Any CPU.Build.0 = Release|Any CPU
		{0C89E582-BBEF-4E2B-8E11-0CF60D6BF7E8}.Release|x64.ActiveCfg = Release|Any CPU
		{0C89E582-BBEF-4E2B-8E11-0CF60D6BF7E8}.Release|x64.Build.0 = Release|Any CPU
		{0C89E582-BBEF-4E2B-8E11-0CF60D6BF7E8}.Release|x86.ActiveCfg = Release|Any CPU
		{0C89E582-BBEF-4E2B-8E11-0CF60D6BF7E8}.Release|x86.Build.0 = Release|Any CPU
		{A6A063A6-79FC-44B8-8E91-234B25333F1C}.Debug|Any CPU.ActiveCfg = Debug|Any CPU
		{A6A063A6-79FC-44B8-8E91-234B25333F1C}.Debug|Any CPU.Build.0 = Debug|Any CPU
		{A6A063A6-79FC-44B8-8E91-234B25333F1C}.Debug|x64.ActiveCfg = Debug|Any CPU
		{A6A063A6-79FC-44B8-8E91-234B25333F1C}.Debug|x64.Build.0 = Debug|Any CPU
		{A6A063A6-79FC-44B8-8E91-234B25333F1C}.Debug|x86.ActiveCfg = Debug|Any CPU
		{A6A063A6-79FC-44B8-8E91-234B25333F1C}.Debug|x86.Build.0 = Debug|Any CPU
		{A6A063A6-79FC-44B8-8E91-234B25333F1C}.Release|Any CPU.ActiveCfg = Release|Any CPU
		{A6A063A6-79FC-44B8-8E91-234B25333F1C}.Release|Any CPU.Build.0 = Release|Any CPU
		{A6A063A6-79FC-44B8-8E91-234B25333F1C}.Release|x64.ActiveCfg = Release|Any CPU
		{A6A063A6-79FC-44B8-8E91-234B25333F1C}.Release|x64.Build.0 = Release|Any CPU
		{A6A063A6-79FC-44B8-8E91-234B25333F1C}.Release|x86.ActiveCfg = Release|Any CPU
		{A6A063A6-79FC-44B8-8E91-234B25333F1C}.Release|x86.Build.0 = Release|Any CPU
		{132A40B5-8AFA-4B2F-97A6-63DB5E187149}.Debug|Any CPU.ActiveCfg = Debug|Any CPU
		{132A40B5-8AFA-4B2F-97A6-63DB5E187149}.Debug|Any CPU.Build.0 = Debug|Any CPU
		{132A40B5-8AFA-4B2F-97A6-63DB5E187149}.Debug|x64.ActiveCfg = Debug|Any CPU
		{132A40B5-8AFA-4B2F-97A6-63DB5E187149}.Debug|x64.Build.0 = Debug|Any CPU
		{132A40B5-8AFA-4B2F-97A6-63DB5E187149}.Debug|x86.ActiveCfg = Debug|Any CPU
		{132A40B5-8AFA-4B2F-97A6-63DB5E187149}.Debug|x86.Build.0 = Debug|Any CPU
		{132A40B5-8AFA-4B2F-97A6-63DB5E187149}.Release|Any CPU.ActiveCfg = Release|Any CPU
		{132A40B5-8AFA-4B2F-97A6-63DB5E187149}.Release|Any CPU.Build.0 = Release|Any CPU
		{132A40B5-8AFA-4B2F-97A6-63DB5E187149}.Release|x64.ActiveCfg = Release|Any CPU
		{132A40B5-8AFA-4B2F-97A6-63DB5E187149}.Release|x64.Build.0 = Release|Any CPU
		{132A40B5-8AFA-4B2F-97A6-63DB5E187149}.Release|x86.ActiveCfg = Release|Any CPU
		{132A40B5-8AFA-4B2F-97A6-63DB5E187149}.Release|x86.Build.0 = Release|Any CPU
	EndGlobalSection
	GlobalSection(SolutionProperties) = preSolution
		HideSolutionNode = FALSE
	EndGlobalSection
	GlobalSection(NestedProjects) = preSolution
		{8D626EA8-CB54-BC41-363A-217881BEBA6E} = {827E0CD3-B72D-47B6-A68D-7590B98EB39B}
		{81034408-37C8-1011-444E-4C15C2FADA8E} = {827E0CD3-B72D-47B6-A68D-7590B98EB39B}
		{1F5E1BE2-811E-497C-AD1C-254A75B9A7E9} = {8D626EA8-CB54-BC41-363A-217881BEBA6E}
		{29C4BF52-2233-4310-A5BB-D6866508722C} = {8D626EA8-CB54-BC41-363A-217881BEBA6E}
		{5FC089E9-07AE-4890-84CF-708851457ABE} = {827E0CD3-B72D-47B6-A68D-7590B98EB39B}
		{725A4979-769E-4DEA-B2AE-A6A46494A0F7} = {5FC089E9-07AE-4890-84CF-708851457ABE}
		{0C89E582-BBEF-4E2B-8E11-0CF60D6BF7E8} = {5FC089E9-07AE-4890-84CF-708851457ABE}
		{A6A063A6-79FC-44B8-8E91-234B25333F1C} = {81034408-37C8-1011-444E-4C15C2FADA8E}
		{BBB7B94B-6E11-D9F1-7BA6-9ECA82DB22BF} = {827E0CD3-B72D-47B6-A68D-7590B98EB39B}
		{132A40B5-8AFA-4B2F-97A6-63DB5E187149} = {BBB7B94B-6E11-D9F1-7BA6-9ECA82DB22BF}
	EndGlobalSection
EndGlobal
