Microsoft Visual Studio Solution File, Format Version 12.00
# Visual Studio Version 17
VisualStudioVersion = 17.5.2.0
MinimumVisualStudioVersion = 10.0.40219.1
Project("{FAE04EC0-301F-11D3-BF4B-00C04F79EFBC}") = "HR.LeaveManagement.Infrastructure", "HR.LeaveManagement.Infrastructure.csproj", "{45F330D6-F0BF-3CF7-3BB6-72A02F2D72ED}"
EndProject
Global
	GlobalSection(SolutionConfigurationPlatforms) = preSolution
		Debug|Any CPU = Debug|Any CPU
		Release|Any CPU = Release|Any CPU
	EndGlobalSection
	GlobalSection(ProjectConfigurationPlatforms) = postSolution
		{45F330D6-F0BF-3CF7-3BB6-72A02F2D72ED}.Debug|Any CPU.ActiveCfg = Debug|Any CPU
		{45F330D6-F0BF-3CF7-3BB6-72A02F2D72ED}.Debug|Any CPU.Build.0 = Debug|Any CPU
		{45F330D6-F0BF-3CF7-3BB6-72A02F2D72ED}.Release|Any CPU.ActiveCfg = Release|Any CPU
		{45F330D6-F0BF-3CF7-3BB6-72A02F2D72ED}.Release|Any CPU.Build.0 = Release|Any CPU
	EndGlobalSection
	GlobalSection(SolutionProperties) = preSolution
		HideSolutionNode = FALSE
	EndGlobalSection
	GlobalSection(ExtensibilityGlobals) = postSolution
		SolutionGuid = {8EE08FBA-4CB0-4BC1-95EA-36D07EEE0B51}
	EndGlobalSection
EndGlobal
